<?xml version="1.0" encoding="utf-8"?>
<Project ToolsVersion="4.0" xmlns="http://schemas.microsoft.com/developer/msbuild/2003">
  <ItemGroup>
    <Filter Include="Source Files">
      <UniqueIdentifier>{4FC737F1-C7A5-4376-A066-2A32D752A2FF}</UniqueIdentifier>
      <Extensions>cpp;c;cc;cxx;c++;cppm;ixx;def;odl;idl;hpj;bat;asm;asmx</Extensions>
    </Filter>
    <Filter Include="Header Files">
      <UniqueIdentifier>{93995380-89BD-4b04-88EB-625FBE52EBFB}</UniqueIdentifier>
      <Extensions>h;hh;hpp;hxx;h++;hm;inl;inc;ipp;xsd</Extensions>
    </Filter>
    <Filter Include="Resource Files">
      <UniqueIdentifier>{67DA6AB6-F800-4c08-8B7A-83BB121AAD01}</UniqueIdentifier>
      <Extensions>rc;ico;cur;bmp;dlg;rc2;rct;bin;rgs;gif;jpg;jpeg;jpe;resx;tiff;tif;png;wav;mfcribbon-ms</Extensions>
    </Filter>
    <Filter Include="Resource Files\Managers">
      <UniqueIdentifier>{5e272b79-f26b-4575-981b-f39b3a5b5ac4}</UniqueIdentifier>
    </Filter>
    <Filter Include="Resource Files\Characters">
      <UniqueIdentifier>{4a27fd6f-4065-4121-ae66-0de95952b03d}</UniqueIdentifier>
    </Filter>
    <Filter Include="Resource Files\Characters\Enemies">
      <UniqueIdentifier>{ff2f9612-5203-4537-adfa-3a138c577f92}</UniqueIdentifier>
    </Filter>
    <Filter Include="Resource Files\Interfaces">
      <UniqueIdentifier>{52373737-fed1-4219-af8c-b99b828c0b49}</UniqueIdentifier>
    </Filter>
    <Filter Include="Resource Files\System">
      <UniqueIdentifier>{3d984d8a-fa0c-4eef-9dde-ea8a7ad8f2fd}</UniqueIdentifier>
    </Filter>
    <Filter Include="Resource Files\Items">
      <UniqueIdentifier>{7b5b7c78-edf2-4952-80cb-5e2442488cd1}</UniqueIdentifier>
    </Filter>
  </ItemGroup>
  <ItemGroup>
    <ClCompile Include="GameMain.cpp">
      <Filter>Resource Files</Filter>
    </ClCompile>
    <ClCompile Include="Managers\BulletManager.cpp">
      <Filter>Resource Files\Managers</Filter>
    </ClCompile>
    <ClCompile Include="Managers\FieldManager.cpp">
      <Filter>Resource Files\Managers</Filter>
    </ClCompile>
    <ClCompile Include="Managers\EnemyManager.cpp">
      <Filter>Resource Files\Managers</Filter>
    </ClCompile>
    <ClCompile Include="Characters\Enemies\Enemy.cpp">
      <Filter>Resource Files\Characters\Enemies</Filter>
    </ClCompile>
    <ClCompile Include="Characters\Character.cpp">
      <Filter>Resource Files\Characters</Filter>
    </ClCompile>
    <ClCompile Include="Characters\Player.cpp">
      <Filter>Resource Files\Characters</Filter>
    </ClCompile>
    <ClCompile Include="System\CollisionSystem.cpp">
      <Filter>Resource Files\System</Filter>
    </ClCompile>
    <ClCompile Include="Items\Bullet.cpp">
      <Filter>Resource Files\Items</Filter>
    </ClCompile>
    <ClCompile Include="Managers\TimerManager.cpp">
      <Filter>Resource Files\Managers</Filter>
    </ClCompile>
    <ClCompile Include="Items\HealthPack.cpp">
      <Filter>Resource Files\Items</Filter>
    </ClCompile>
  </ItemGroup>
  <ItemGroup>
    <ClInclude Include="GameMain.h">
      <Filter>Resource Files</Filter>
    </ClInclude>
    <ClInclude Include="Managers\BulletManager.h">
      <Filter>Resource Files\Managers</Filter>
    </ClInclude>
    <ClInclude Include="Managers\FieldManager.h">
      <Filter>Resource Files\Managers</Filter>
    </ClInclude>
    <ClInclude Include="Managers\TimerManager.h">
      <Filter>Resource Files\Managers</Filter>
    </ClInclude>
    <ClInclude Include="Managers\EnemyManager.h">
      <Filter>Resource Files\Managers</Filter>
    </ClInclude>
    <ClInclude Include="Characters\Enemies\Enemy.h">
      <Filter>Resource Files\Characters\Enemies</Filter>
    </ClInclude>
    <ClInclude Include="Characters\Character.h">
      <Filter>Resource Files\Characters</Filter>
    </ClInclude>
    <ClInclude Include="Characters\Player.h">
      <Filter>Resource Files\Characters</Filter>
    </ClInclude>
    <ClInclude Include="Interface\IEnemySystem.h">
      <Filter>Resource Files\Interfaces</Filter>
    </ClInclude>
    <ClInclude Include="IBulletSystem.h">
      <Filter>Resource Files\Interfaces</Filter>
    </ClInclude>
    <ClInclude Include="System\CollisionSystem.h">
      <Filter>Resource Files\System</Filter>
    </ClInclude>
    <ClInclude Include="Interface\IPlayerSystem.h">
      <Filter>Resource Files\Interfaces</Filter>
    </ClInclude>
    <ClInclude Include="Items\HealthPack.h">
      <Filter>Resource Files\Items</Filter>
    </ClInclude>
    <ClInclude Include="Items\Bullet.h">
      <Filter>Resource Files\Items</Filter>
    </ClInclude>
  </ItemGroup>
</Project>